schema: '2.0'
stages:
  extract_dataset:
    cmd: python ./src/data/extract_dataset.py
    deps:
    - path: ./data/raw/zipped_file/complaints.zip
      hash: md5
      md5: 36c28283de4ee5cbe6e7b5b79d8a32e1
      size: 758744162
    - path: ./src/data/extract_dataset.py
      hash: md5
      md5: 6b42516a8ed6251ecf497059137eead4
      size: 1755
    outs:
    - path: ./data/extracted_data/complaints.csv
      hash: md5
      md5: 9d459ef07a62ece82f5e9f723fa2439b
      size: 3608460402
  make_dataset:
    cmd: python ./src/data/make_dataset.py preprocessed.csv
    deps:
    - path: ./data/processed/preprocessed.csv
      hash: md5
      md5: 89bf802778f1ea8483a8936b9191e2ed
      size: 369325665
    - path: ./src/data/make_dataset.py
      hash: md5
      md5: a8f054bc95d096c2bb124f0264311b15
      size: 3747
    params:
      params.yaml:
        make_dataset.random_state: 30
        make_dataset.test_size: 0.3
    outs:
    - path: ./data/interim/test.csv
      hash: md5
      md5: 4b28c206878abde4d6141baa43474a84
      size: 14387217
    - path: ./data/interim/train.csv
      hash: md5
      md5: a2e3ada0c4b41086ecbfad73a8d4ae1a
      size: 33543685
  data_preprocessing:
    cmd: python ./src/features/data_preprocessing.py complaints.csv
    deps:
    - path: ./data/extracted_data/complaints.csv
      hash: md5
      md5: 9d459ef07a62ece82f5e9f723fa2439b
      size: 3608460402
    - path: ./src/features/data_preprocessing.py
      hash: md5
      md5: 07afb2e051e022dac16d5aedb9c861e9
      size: 4048
    outs:
    - path: ./data/processed/preprocessed.csv
      hash: md5
      md5: 89bf802778f1ea8483a8936b9191e2ed
      size: 369325665
  Feature_enginerring:
    cmd: python ./src/features/feature_engineering.py train.csv test.csv
    deps:
    - path: ./data/interim/test.csv
      hash: md5
      md5: 4b28c206878abde4d6141baa43474a84
      size: 14387217
    - path: ./data/interim/train.csv
      hash: md5
      md5: a2e3ada0c4b41086ecbfad73a8d4ae1a
      size: 33543685
    - path: ./src/features/feature_engineering.py
      hash: md5
      md5: d134170e02f4af3628b78938843ae36b
      size: 3782
    outs:
    - path: ./data/feature/test_features.npz
      hash: md5
      md5: cea24f59cc1bffff66d609db55a0ba40
      size: 5917956
    - path: ./data/feature/test_target.pkl
      hash: md5
      md5: 8db3e41ca6d0fd92e58db003e8a928bd
      size: 240241
    - path: ./data/feature/train_features.npz
      hash: md5
      md5: 394aaefaf6bbf60b417242e36f30b85e
      size: 13996472
    - path: ./data/feature/train_target.pkl
      hash: md5
      md5: df7f024c2b823d210f0abd575496e80d
      size: 560241
